
Microsoft Visual Studio Solution File, Format Version 12.00
# Visual Studio Version 16
VisualStudioVersion = 16.0.28803.202
MinimumVisualStudioVersion = 10.0.40219.1
Project("{FAE04EC0-301F-11D3-BF4B-00C04F79EFBC}") = "Snow System", "Snow System\Snow System.csproj", "{7567EFA1-F404-480A-9372-F8EBA060C547}"
EndProject
Global
	GlobalSection(SolutionConfigurationPlatforms) = preSolution
		Debug|Any CPU = Debug|Any CPU
		Release|Any CPU = Release|Any CPU
	EndGlobalSection
	GlobalSection(ProjectConfigurationPlatforms) = postSolution
		{7567EFA1-F404-480A-9372-F8EBA060C547}.Debug|Any CPU.ActiveCfg = Debug|Any CPU
		{7567EFA1-F404-480A-9372-F8EBA060C547}.Debug|Any CPU.Build.0 = Debug|Any CPU
		{7567EFA1-F404-480A-9372-F8EBA060C547}.Release|Any CPU.ActiveCfg = Release|Any CPU
		{7567EFA1-F404-480A-9372-F8EBA060C547}.Release|Any CPU.Build.0 = Release|Any CPU
	EndGlobalSection
	GlobalSection(SolutionProperties) = preSolution
		HideSolutionNode = FALSE
	EndGlobalSection
	GlobalSection(ExtensibilityGlobals) = postSolution
		SolutionGuid = {9C1FA871-50DA-4243-B853-20DE2C773AD9}
	EndGlobalSection
EndGlobal
